
Microsoft Visual Studio Solution File, Format Version 11.00
# Visual Studio 2010
Project("{2857B73E-F847-4B02-9238-064979017E93}") = "letrasc", "letrasc.cproj", "{BFDE8D63-130A-4D72-8DFF-0AC1E157614C}"
EndProject
Global
	GlobalSection(SolutionConfigurationPlatforms) = preSolution
		Debug|Any CPU = Debug|Any CPU
		Release|Any CPU = Release|Any CPU
	EndGlobalSection
	GlobalSection(ProjectConfigurationPlatforms) = postSolution
		{BFDE8D63-130A-4D72-8DFF-0AC1E157614C}.Debug|Any CPU.ActiveCfg = Debug|Any CPU
		{BFDE8D63-130A-4D72-8DFF-0AC1E157614C}.Debug|Any CPU.Build.0 = Debug|Any CPU
		{BFDE8D63-130A-4D72-8DFF-0AC1E157614C}.Release|Any CPU.ActiveCfg = Release|Any CPU
		{BFDE8D63-130A-4D72-8DFF-0AC1E157614C}.Release|Any CPU.Build.0 = Release|Any CPU
	EndGlobalSection
	GlobalSection(MonoDevelopProperties) = preSolution
		StartupItem = letrasc.cproj
	EndGlobalSection
EndGlobal
